github.com/kmcsr/mcla v0.4.12 h1:XgWhofodJpfTOzphoqci+Sk6KgvLMGQkN1njUI2bCnI=
github.com/kmcsr/mcla v0.4.12/go.mod h1:bHmQY1KfR9IPLwlc+mCPYogwm5EH5dXFVskGynaJtoU=
github.com/kmcsr/mcla v0.4.13-0.20230930120329-15727bf4ea79 h1:OglLhRXPs7k5/xwOyLtmN6Mvi3R8BKdmsHFoHPZWiZg=
github.com/kmcsr/mcla v0.4.13-0.20230930120329-15727bf4ea79/go.mod h1:bHmQY1KfR9IPLwlc+mCPYogwm5EH5dXFVskGynaJtoU=
